
Microsoft Visual Studio Solution File, Format Version 12.00
# Visual Studio Version 16
VisualStudioVersion = 16.0.32630.194
MinimumVisualStudioVersion = 10.0.40219.1
Project("{9A19103F-16F7-4668-BE54-9A1E7A4F7556}") = "API", "API\API.csproj", "{54C9F21C-275A-4D3F-A247-ADEF7C2A71A3}"
EndProject
Project("{FAE04EC0-301F-11D3-BF4B-00C04F79EFBC}") = "CLIENT", "CLIENT\CLIENT.csproj", "{473C6302-9BDA-484D-A907-F9AEF958712C}"
EndProject
Global
	GlobalSection(SolutionConfigurationPlatforms) = preSolution
		Debug|Any CPU = Debug|Any CPU
		Release|Any CPU = Release|Any CPU
	EndGlobalSection
	GlobalSection(ProjectConfigurationPlatforms) = postSolution
		{54C9F21C-275A-4D3F-A247-ADEF7C2A71A3}.Debug|Any CPU.ActiveCfg = Debug|Any CPU
		{54C9F21C-275A-4D3F-A247-ADEF7C2A71A3}.Debug|Any CPU.Build.0 = Debug|Any CPU
		{54C9F21C-275A-4D3F-A247-ADEF7C2A71A3}.Release|Any CPU.ActiveCfg = Release|Any CPU
		{54C9F21C-275A-4D3F-A247-ADEF7C2A71A3}.Release|Any CPU.Build.0 = Release|Any CPU
		{473C6302-9BDA-484D-A907-F9AEF958712C}.Debug|Any CPU.ActiveCfg = Debug|Any CPU
		{473C6302-9BDA-484D-A907-F9AEF958712C}.Debug|Any CPU.Build.0 = Debug|Any CPU
		{473C6302-9BDA-484D-A907-F9AEF958712C}.Release|Any CPU.ActiveCfg = Release|Any CPU
		{473C6302-9BDA-484D-A907-F9AEF958712C}.Release|Any CPU.Build.0 = Release|Any CPU
	EndGlobalSection
	GlobalSection(SolutionProperties) = preSolution
		HideSolutionNode = FALSE
	EndGlobalSection
	GlobalSection(ExtensibilityGlobals) = postSolution
		SolutionGuid = {8DA022EF-0D65-46C1-991D-A2F335D97480}
	EndGlobalSection
EndGlobal
